
Microsoft Visual Studio Solution File, Format Version 12.00
# Visual Studio 14
VisualStudioVersion = 14.0.23107.0
MinimumVisualStudioVersion = 10.0.40219.1
Project("{FAE04EC0-301F-11D3-BF4B-00C04F79EFBC}") = "WebSocketProxy", "WebSocketProxy\WebSocketProxy.csproj", "{BDA44986-B4D2-43E2-9486-CAC4F62EEB4F}"
EndProject
Project("{FAE04EC0-301F-11D3-BF4B-00C04F79EFBC}") = "WebSocketProxy.Sample", "WebSocketProxy.Sample\WebSocketProxy.Sample.csproj", "{DD602A26-F8CA-407C-BA30-7E1FD01C6EC7}"
EndProject
Global
	GlobalSection(SolutionConfigurationPlatforms) = preSolution
		Debug|Any CPU = Debug|Any CPU
		Release|Any CPU = Release|Any CPU
	EndGlobalSection
	GlobalSection(ProjectConfigurationPlatforms) = postSolution
		{BDA44986-B4D2-43E2-9486-CAC4F62EEB4F}.Debug|Any CPU.ActiveCfg = Debug|Any CPU
		{BDA44986-B4D2-43E2-9486-CAC4F62EEB4F}.Debug|Any CPU.Build.0 = Debug|Any CPU
		{BDA44986-B4D2-43E2-9486-CAC4F62EEB4F}.Release|Any CPU.ActiveCfg = Release|Any CPU
		{BDA44986-B4D2-43E2-9486-CAC4F62EEB4F}.Release|Any CPU.Build.0 = Release|Any CPU
		{DD602A26-F8CA-407C-BA30-7E1FD01C6EC7}.Debug|Any CPU.ActiveCfg = Debug|Any CPU
		{DD602A26-F8CA-407C-BA30-7E1FD01C6EC7}.Debug|Any CPU.Build.0 = Debug|Any CPU
		{DD602A26-F8CA-407C-BA30-7E1FD01C6EC7}.Release|Any CPU.ActiveCfg = Release|Any CPU
		{DD602A26-F8CA-407C-BA30-7E1FD01C6EC7}.Release|Any CPU.Build.0 = Release|Any CPU
	EndGlobalSection
	GlobalSection(SolutionProperties) = preSolution
		HideSolutionNode = FALSE
	EndGlobalSection
EndGlobal
